
Microsoft Visual Studio Solution File, Format Version 12.00
# Visual Studio Version 17
VisualStudioVersion = 17.14.36221.1 d17.14
MinimumVisualStudioVersion = 10.0.40219.1
Project("{FAE04EC0-301F-11D3-BF4B-00C04F79EFBC}") = "GerenciadorAlunos", "GerenciadorAlunos.csproj", "{9E63BBC6-40BF-45B0-8289-51D5BB69A0CE}"
EndProject
Global
	GlobalSection(SolutionConfigurationPlatforms) = preSolution
		Debug|Any CPU = Debug|Any CPU
		Release|Any CPU = Release|Any CPU
	EndGlobalSection
	GlobalSection(ProjectConfigurationPlatforms) = postSolution
		{9E63BBC6-40BF-45B0-8289-51D5BB69A0CE}.Debug|Any CPU.ActiveCfg = Debug|Any CPU
		{9E63BBC6-40BF-45B0-8289-51D5BB69A0CE}.Debug|Any CPU.Build.0 = Debug|Any CPU
		{9E63BBC6-40BF-45B0-8289-51D5BB69A0CE}.Release|Any CPU.ActiveCfg = Release|Any CPU
		{9E63BBC6-40BF-45B0-8289-51D5BB69A0CE}.Release|Any CPU.Build.0 = Release|Any CPU
	EndGlobalSection
	GlobalSection(SolutionProperties) = preSolution
		HideSolutionNode = FALSE
	EndGlobalSection
	GlobalSection(ExtensibilityGlobals) = postSolution
		SolutionGuid = {96AF139A-7800-47D6-AC37-2736F5FDB3CF}
	EndGlobalSection
EndGlobal
